// !$*UTF8*$!
{
	archiveVersion = 1;
	classes = {
	};
	objectVersion = 46;
	objects = {

/* Begin PBXBuildFile section */
		520CE5EE19AC7501009BFBD3 /* Foundation.framework in Frameworks */ = {isa = PBXBuildFile; fileRef = 520CE5ED19AC7501009BFBD3 /* Foundation.framework */; };
		520CE5F019AC7501009BFBD3 /* CoreGraphics.framework in Frameworks */ = {isa = PBXBuildFile; fileRef = 520CE5EF19AC7501009BFBD3 /* CoreGraphics.framework */; };
		520CE5F219AC7501009BFBD3 /* UIKit.framework in Frameworks */ = {isa = PBXBuildFile; fileRef = 520CE5F119AC7501009BFBD3 /* UIKit.framework */; };
		520CE5F419AC7501009BFBD3 /* CoreData.framework in Frameworks */ = {isa = PBXBuildFile; fileRef = 520CE5F319AC7501009BFBD3 /* CoreData.framework */; };
		520CE5FA19AC7501009BFBD3 /* InfoPlist.strings in Resources */ = {isa = PBXBuildFile; fileRef = 520CE5F819AC7501009BFBD3 /* InfoPlist.strings */; };
		520CE5FC19AC7501009BFBD3 /* main.m in Sources */ = {isa = PBXBuildFile; fileRef = 520CE5FB19AC7501009BFBD3 /* main.m */; };
		520CE60019AC7501009BFBD3 /* HYZAppDelegate.m in Sources */ = {isa = PBXBuildFile; fileRef = 520CE5FF19AC7501009BFBD3 /* HYZAppDelegate.m */; };
		520CE60319AC7501009BFBD3 /* MyMenu.xcdatamodeld in Sources */ = {isa = PBXBuildFile; fileRef = 520CE60119AC7501009BFBD3 /* MyMenu.xcdatamodeld */; };
		520CE60519AC7501009BFBD3 /* Images.xcassets in Resources */ = {isa = PBXBuildFile; fileRef = 520CE60419AC7501009BFBD3 /* Images.xcassets */; };
		520CE60C19AC7501009BFBD3 /* XCTest.framework in Frameworks */ = {isa = PBXBuildFile; fileRef = 520CE60B19AC7501009BFBD3 /* XCTest.framework */; };
		520CE60D19AC7502009BFBD3 /* Foundation.framework in Frameworks */ = {isa = PBXBuildFile; fileRef = 520CE5ED19AC7501009BFBD3 /* Foundation.framework */; };
		520CE60E19AC7502009BFBD3 /* UIKit.framework in Frameworks */ = {isa = PBXBuildFile; fileRef = 520CE5F119AC7501009BFBD3 /* UIKit.framework */; };
		520CE60F19AC7502009BFBD3 /* CoreData.framework in Frameworks */ = {isa = PBXBuildFile; fileRef = 520CE5F319AC7501009BFBD3 /* CoreData.framework */; };
		520CE61719AC7502009BFBD3 /* InfoPlist.strings in Resources */ = {isa = PBXBuildFile; fileRef = 520CE61519AC7502009BFBD3 /* InfoPlist.strings */; };
		520CE61919AC7502009BFBD3 /* MyMenuTests.m in Sources */ = {isa = PBXBuildFile; fileRef = 520CE61819AC7502009BFBD3 /* MyMenuTests.m */; };
		520CE62419AC750E009BFBD3 /* HYZViewController.m in Sources */ = {isa = PBXBuildFile; fileRef = 520CE62319AC750E009BFBD3 /* HYZViewController.m */; };
		520CE62A19AC90D0009BFBD3 /* TWTSideMenuViewController.m in Sources */ = {isa = PBXBuildFile; fileRef = 520CE62919AC90D0009BFBD3 /* TWTSideMenuViewController.m */; };
		520CE62D19AC90DB009BFBD3 /* HYZTableViewCell.m in Sources */ = {isa = PBXBuildFile; fileRef = 520CE62C19AC90DB009BFBD3 /* HYZTableViewCell.m */; };
		520CE63319AC927E009BFBD3 /* HYZMainViewController.m in Sources */ = {isa = PBXBuildFile; fileRef = 520CE63219AC927E009BFBD3 /* HYZMainViewController.m */; };
		520CE63519AC932E009BFBD3 /* galaxy.png in Resources */ = {isa = PBXBuildFile; fileRef = 520CE63419AC932E009BFBD3 /* galaxy.png */; };
		520CE63819AC93D5009BFBD3 /* HYZOtherViewController.m in Sources */ = {isa = PBXBuildFile; fileRef = 520CE63719AC93D5009BFBD3 /* HYZOtherViewController.m */; };
		52366AA819ADB0420090AB7F /* HYZCollectionViewController.m in Sources */ = {isa = PBXBuildFile; fileRef = 52366AA719ADB0420090AB7F /* HYZCollectionViewController.m */; };
		52F4153A19ADE15D00A55490 /* HYZTestViewController.m in Sources */ = {isa = PBXBuildFile; fileRef = 52F4153919ADE15D00A55490 /* HYZTestViewController.m */; };
		52F4153C19ADE1F200A55490 /* QuartzCore.framework in Frameworks */ = {isa = PBXBuildFile; fileRef = 52F4153B19ADE1F200A55490 /* QuartzCore.framework */; };
/* End PBXBuildFile section */

/* Begin PBXContainerItemProxy section */
		520CE61019AC7502009BFBD3 /* PBXContainerItemProxy */ = {
			isa = PBXContainerItemProxy;
			containerPortal = 520CE5E219AC7501009BFBD3 /* Project object */;
			proxyType = 1;
			remoteGlobalIDString = 520CE5E919AC7501009BFBD3;
			remoteInfo = MyMenu;
		};
/* End PBXContainerItemProxy section */

/* Begin PBXFileReference section */
		520CE5EA19AC7501009BFBD3 /* MyMenu.app */ = {isa = PBXFileReference; explicitFileType = wrapper.application; includeInIndex = 0; path = MyMenu.app; sourceTree = BUILT_PRODUCTS_DIR; };
		520CE5ED19AC7501009BFBD3 /* Foundation.framework */ = {isa = PBXFileReference; lastKnownFileType = wrapper.framework; name = Foundation.framework; path = System/Library/Frameworks/Foundation.framework; sourceTree = SDKROOT; };
		520CE5EF19AC7501009BFBD3 /* CoreGraphics.framework */ = {isa = PBXFileReference; lastKnownFileType = wrapper.framework; name = CoreGraphics.framework; path = System/Library/Frameworks/CoreGraphics.framework; sourceTree = SDKROOT; };
		520CE5F119AC7501009BFBD3 /* UIKit.framework */ = {isa = PBXFileReference; lastKnownFileType = wrapper.framework; name = UIKit.framework; path = System/Library/Frameworks/UIKit.framework; sourceTree = SDKROOT; };
		520CE5F319AC7501009BFBD3 /* CoreData.framework */ = {isa = PBXFileReference; lastKnownFileType = wrapper.framework; name = CoreData.framework; path = System/Library/Frameworks/CoreData.framework; sourceTree = SDKROOT; };
		520CE5F719AC7501009BFBD3 /* MyMenu-Info.plist */ = {isa = PBXFileReference; lastKnownFileType = text.plist.xml; path = "MyMenu-Info.plist"; sourceTree = "<group>"; };
		520CE5F919AC7501009BFBD3 /* en */ = {isa = PBXFileReference; lastKnownFileType = text.plist.strings; name = en; path = en.lproj/InfoPlist.strings; sourceTree = "<group>"; };
		520CE5FB19AC7501009BFBD3 /* main.m */ = {isa = PBXFileReference; lastKnownFileType = sourcecode.c.objc; path = main.m; sourceTree = "<group>"; };
		520CE5FD19AC7501009BFBD3 /* MyMenu-Prefix.pch */ = {isa = PBXFileReference; lastKnownFileType = sourcecode.c.h; path = "MyMenu-Prefix.pch"; sourceTree = "<group>"; };
		520CE5FE19AC7501009BFBD3 /* HYZAppDelegate.h */ = {isa = PBXFileReference; lastKnownFileType = sourcecode.c.h; path = HYZAppDelegate.h; sourceTree = "<group>"; };
		520CE5FF19AC7501009BFBD3 /* HYZAppDelegate.m */ = {isa = PBXFileReference; lastKnownFileType = sourcecode.c.objc; path = HYZAppDelegate.m; sourceTree = "<group>"; };
		520CE60219AC7501009BFBD3 /* MyMenu.xcdatamodel */ = {isa = PBXFileReference; lastKnownFileType = wrapper.xcdatamodel; path = MyMenu.xcdatamodel; sourceTree = "<group>"; };
		520CE60419AC7501009BFBD3 /* Images.xcassets */ = {isa = PBXFileReference; lastKnownFileType = folder.assetcatalog; path = Images.xcassets; sourceTree = "<group>"; };
		520CE60A19AC7501009BFBD3 /* MyMenuTests.xctest */ = {isa = PBXFileReference; explicitFileType = wrapper.cfbundle; includeInIndex = 0; path = MyMenuTests.xctest; sourceTree = BUILT_PRODUCTS_DIR; };
		520CE60B19AC7501009BFBD3 /* XCTest.framework */ = {isa = PBXFileReference; lastKnownFileType = wrapper.framework; name = XCTest.framework; path = Library/Frameworks/XCTest.framework; sourceTree = DEVELOPER_DIR; };
		520CE61419AC7502009BFBD3 /* MyMenuTests-Info.plist */ = {isa = PBXFileReference; lastKnownFileType = text.plist.xml; path = "MyMenuTests-Info.plist"; sourceTree = "<group>"; };
		520CE61619AC7502009BFBD3 /* en */ = {isa = PBXFileReference; lastKnownFileType = text.plist.strings; name = en; path = en.lproj/InfoPlist.strings; sourceTree = "<group>"; };
		520CE61819AC7502009BFBD3 /* MyMenuTests.m */ = {isa = PBXFileReference; lastKnownFileType = sourcecode.c.objc; path = MyMenuTests.m; sourceTree = "<group>"; };
		520CE62219AC750E009BFBD3 /* HYZViewController.h */ = {isa = PBXFileReference; fileEncoding = 4; lastKnownFileType = sourcecode.c.h; path = HYZViewController.h; sourceTree = "<group>"; };
		520CE62319AC750E009BFBD3 /* HYZViewController.m */ = {isa = PBXFileReference; fileEncoding = 4; lastKnownFileType = sourcecode.c.objc; path = HYZViewController.m; sourceTree = "<group>"; };
		520CE62819AC90D0009BFBD3 /* TWTSideMenuViewController.h */ = {isa = PBXFileReference; fileEncoding = 4; lastKnownFileType = sourcecode.c.h; path = TWTSideMenuViewController.h; sourceTree = "<group>"; };
		520CE62919AC90D0009BFBD3 /* TWTSideMenuViewController.m */ = {isa = PBXFileReference; fileEncoding = 4; lastKnownFileType = sourcecode.c.objc; path = TWTSideMenuViewController.m; sourceTree = "<group>"; };
		520CE62B19AC90DB009BFBD3 /* HYZTableViewCell.h */ = {isa = PBXFileReference; fileEncoding = 4; lastKnownFileType = sourcecode.c.h; path = HYZTableViewCell.h; sourceTree = "<group>"; };
		520CE62C19AC90DB009BFBD3 /* HYZTableViewCell.m */ = {isa = PBXFileReference; fileEncoding = 4; lastKnownFileType = sourcecode.c.objc; path = HYZTableViewCell.m; sourceTree = "<group>"; };
		520CE63119AC927E009BFBD3 /* HYZMainViewController.h */ = {isa = PBXFileReference; fileEncoding = 4; lastKnownFileType = sourcecode.c.h; path = HYZMainViewController.h; sourceTree = "<group>"; };
		520CE63219AC927E009BFBD3 /* HYZMainViewController.m */ = {isa = PBXFileReference; fileEncoding = 4; lastKnownFileType = sourcecode.c.objc; path = HYZMainViewController.m; sourceTree = "<group>"; };
		520CE63419AC932E009BFBD3 /* galaxy.png */ = {isa = PBXFileReference; lastKnownFileType = image.png; path = galaxy.png; sourceTree = "<group>"; };
		520CE63619AC93D5009BFBD3 /* HYZOtherViewController.h */ = {isa = PBXFileReference; fileEncoding = 4; lastKnownFileType = sourcecode.c.h; path = HYZOtherViewController.h; sourceTree = "<group>"; };
		520CE63719AC93D5009BFBD3 /* HYZOtherViewController.m */ = {isa = PBXFileReference; fileEncoding = 4; lastKnownFileType = sourcecode.c.objc; path = HYZOtherViewController.m; sourceTree = "<group>"; };
		52366AA619ADB0420090AB7F /* HYZCollectionViewController.h */ = {isa = PBXFileReference; fileEncoding = 4; lastKnownFileType = sourcecode.c.h; path = HYZCollectionViewController.h; sourceTree = "<group>"; };
		52366AA719ADB0420090AB7F /* HYZCollectionViewController.m */ = {isa = PBXFileReference; fileEncoding = 4; lastKnownFileType = sourcecode.c.objc; path = HYZCollectionViewController.m; sourceTree = "<group>"; };
		52F4153819ADE15D00A55490 /* HYZTestViewController.h */ = {isa = PBXFileReference; fileEncoding = 4; lastKnownFileType = sourcecode.c.h; path = HYZTestViewController.h; sourceTree = "<group>"; };
		52F4153919ADE15D00A55490 /* HYZTestViewController.m */ = {isa = PBXFileReference; fileEncoding = 4; lastKnownFileType = sourcecode.c.objc; path = HYZTestViewController.m; sourceTree = "<group>"; };
		52F4153B19ADE1F200A55490 /* QuartzCore.framework */ = {isa = PBXFileReference; lastKnownFileType = wrapper.framework; name = QuartzCore.framework; path = System/Library/Frameworks/QuartzCore.framework; sourceTree = SDKROOT; };
/* End PBXFileReference section */

/* Begin PBXFrameworksBuildPhase section */
		520CE5E719AC7501009BFBD3 /* Frameworks */ = {
			isa = PBXFrameworksBuildPhase;
			buildActionMask = 2147483647;
			files = (
				52F4153C19ADE1F200A55490 /* QuartzCore.framework in Frameworks */,
				520CE5F019AC7501009BFBD3 /* CoreGraphics.framework in Frameworks */,
				520CE5F419AC7501009BFBD3 /* CoreData.framework in Frameworks */,
				520CE5F219AC7501009BFBD3 /* UIKit.framework in Frameworks */,
				520CE5EE19AC7501009BFBD3 /* Foundation.framework in Frameworks */,
			);
			runOnlyForDeploymentPostprocessing = 0;
		};
		520CE60719AC7501009BFBD3 /* Frameworks */ = {
			isa = PBXFrameworksBuildPhase;
			buildActionMask = 2147483647;
			files = (
				520CE60C19AC7501009BFBD3 /* XCTest.framework in Frameworks */,
				520CE60F19AC7502009BFBD3 /* CoreData.framework in Frameworks */,
				520CE60E19AC7502009BFBD3 /* UIKit.framework in Frameworks */,
				520CE60D19AC7502009BFBD3 /* Foundation.framework in Frameworks */,
			);
			runOnlyForDeploymentPostprocessing = 0;
		};
/* End PBXFrameworksBuildPhase section */

/* Begin PBXGroup section */
		520CE5E119AC7501009BFBD3 = {
			isa = PBXGroup;
			children = (
				520CE5F519AC7501009BFBD3 /* MyMenu */,
				520CE61219AC7502009BFBD3 /* MyMenuTests */,
				520CE5EC19AC7501009BFBD3 /* Frameworks */,
				520CE5EB19AC7501009BFBD3 /* Products */,
			);
			sourceTree = "<group>";
		};
		520CE5EB19AC7501009BFBD3 /* Products */ = {
			isa = PBXGroup;
			children = (
				520CE5EA19AC7501009BFBD3 /* MyMenu.app */,
				520CE60A19AC7501009BFBD3 /* MyMenuTests.xctest */,
			);
			name = Products;
			sourceTree = "<group>";
		};
		520CE5EC19AC7501009BFBD3 /* Frameworks */ = {
			isa = PBXGroup;
			children = (
				52F4153B19ADE1F200A55490 /* QuartzCore.framework */,
				520CE5ED19AC7501009BFBD3 /* Foundation.framework */,
				520CE5EF19AC7501009BFBD3 /* CoreGraphics.framework */,
				520CE5F119AC7501009BFBD3 /* UIKit.framework */,
				520CE5F319AC7501009BFBD3 /* CoreData.framework */,
				520CE60B19AC7501009BFBD3 /* XCTest.framework */,
			);
			name = Frameworks;
			sourceTree = "<group>";
		};
		520CE5F519AC7501009BFBD3 /* MyMenu */ = {
			isa = PBXGroup;
			children = (
				520CE63419AC932E009BFBD3 /* galaxy.png */,
				520CE62819AC90D0009BFBD3 /* TWTSideMenuViewController.h */,
				520CE62919AC90D0009BFBD3 /* TWTSideMenuViewController.m */,
				520CE62B19AC90DB009BFBD3 /* HYZTableViewCell.h */,
				520CE62C19AC90DB009BFBD3 /* HYZTableViewCell.m */,
				520CE5FE19AC7501009BFBD3 /* HYZAppDelegate.h */,
				520CE5FF19AC7501009BFBD3 /* HYZAppDelegate.m */,
				520CE62219AC750E009BFBD3 /* HYZViewController.h */,
				520CE62319AC750E009BFBD3 /* HYZViewController.m */,
				520CE63119AC927E009BFBD3 /* HYZMainViewController.h */,
				520CE63219AC927E009BFBD3 /* HYZMainViewController.m */,
				520CE63619AC93D5009BFBD3 /* HYZOtherViewController.h */,
				520CE63719AC93D5009BFBD3 /* HYZOtherViewController.m */,
				52366AA619ADB0420090AB7F /* HYZCollectionViewController.h */,
				52366AA719ADB0420090AB7F /* HYZCollectionViewController.m */,
				52F4153819ADE15D00A55490 /* HYZTestViewController.h */,
				52F4153919ADE15D00A55490 /* HYZTestViewController.m */,
				520CE60419AC7501009BFBD3 /* Images.xcassets */,
				520CE60119AC7501009BFBD3 /* MyMenu.xcdatamodeld */,
				520CE5F619AC7501009BFBD3 /* Supporting Files */,
			);
			path = MyMenu;
			sourceTree = "<group>";
		};
		520CE5F619AC7501009BFBD3 /* Supporting Files */ = {
			isa = PBXGroup;
			children = (
				520CE5F719AC7501009BFBD3 /* MyMenu-Info.plist */,
				520CE5F819AC7501009BFBD3 /* InfoPlist.strings */,
				520CE5FB19AC7501009BFBD3 /* main.m */,
				520CE5FD19AC7501009BFBD3 /* MyMenu-Prefix.pch */,
			);
			name = "Supporting Files";
			sourceTree = "<group>";
		};
		520CE61219AC7502009BFBD3 /* MyMenuTests */ = {
			isa = PBXGroup;
			children = (
				520CE61819AC7502009BFBD3 /* MyMenuTests.m */,
				520CE61319AC7502009BFBD3 /* Supporting Files */,
			);
			path = MyMenuTests;
			sourceTree = "<group>";
		};
		520CE61319AC7502009BFBD3 /* Supporting Files */ = {
			isa = PBXGroup;
			children = (
				520CE61419AC7502009BFBD3 /* MyMenuTests-Info.plist */,
				520CE61519AC7502009BFBD3 /* InfoPlist.strings */,
			);
			name = "Supporting Files";
			sourceTree = "<group>";
		};
/* End PBXGroup section */

/* Begin PBXNativeTarget section */
		520CE5E919AC7501009BFBD3 /* MyMenu */ = {
			isa = PBXNativeTarget;
			buildConfigurationList = 520CE61C19AC7502009BFBD3 /* Build configuration list for PBXNativeTarget "MyMenu" */;
			buildPhases = (
				520CE5E619AC7501009BFBD3 /* Sources */,
				520CE5E719AC7501009BFBD3 /* Frameworks */,
				520CE5E819AC7501009BFBD3 /* Resources */,
			);
			buildRules = (
			);
			dependencies = (
			);
			name = MyMenu;
			productName = MyMenu;
			productReference = 520CE5EA19AC7501009BFBD3 /* MyMenu.app */;
			productType = "com.apple.product-type.application";
		};
		520CE60919AC7501009BFBD3 /* MyMenuTests */ = {
			isa = PBXNativeTarget;
			buildConfigurationList = 520CE61F19AC7502009BFBD3 /* Build configuration list for PBXNativeTarget "MyMenuTests" */;
			buildPhases = (
				520CE60619AC7501009BFBD3 /* Sources */,
				520CE60719AC7501009BFBD3 /* Frameworks */,
				520CE60819AC7501009BFBD3 /* Resources */,
			);
			buildRules = (
			);
			dependencies = (
				520CE61119AC7502009BFBD3 /* PBXTargetDependency */,
			);
			name = MyMenuTests;
			productName = MyMenuTests;
			productReference = 520CE60A19AC7501009BFBD3 /* MyMenuTests.xctest */;
			productType = "com.apple.product-type.bundle.unit-test";
		};
/* End PBXNativeTarget section */

/* Begin PBXProject section */
		520CE5E219AC7501009BFBD3 /* Project object */ = {
			isa = PBXProject;
			attributes = {
				CLASSPREFIX = HYZ;
				LastUpgradeCheck = 0510;
				ORGANIZATIONNAME = rumi;
				TargetAttributes = {
					520CE60919AC7501009BFBD3 = {
						TestTargetID = 520CE5E919AC7501009BFBD3;
					};
				};
			};
			buildConfigurationList = 520CE5E519AC7501009BFBD3 /* Build configuration list for PBXProject "MyMenu" */;
			compatibilityVersion = "Xcode 3.2";
			developmentRegion = English;
			hasScannedForEncodings = 0;
			knownRegions = (
				en,
			);
			mainGroup = 520CE5E119AC7501009BFBD3;
			productRefGroup = 520CE5EB19AC7501009BFBD3 /* Products */;
			projectDirPath = "";
			projectRoot = "";
			targets = (
				520CE5E919AC7501009BFBD3 /* MyMenu */,
				520CE60919AC7501009BFBD3 /* MyMenuTests */,
			);
		};
/* End PBXProject section */

/* Begin PBXResourcesBuildPhase section */
		520CE5E819AC7501009BFBD3 /* Resources */ = {
			isa = PBXResourcesBuildPhase;
			buildActionMask = 2147483647;
			files = (
				520CE5FA19AC7501009BFBD3 /* InfoPlist.strings in Resources */,
				520CE63519AC932E009BFBD3 /* galaxy.png in Resources */,
				520CE60519AC7501009BFBD3 /* Images.xcassets in Resources */,
			);
			runOnlyForDeploymentPostprocessing = 0;
		};
		520CE60819AC7501009BFBD3 /* Resources */ = {
			isa = PBXResourcesBuildPhase;
			buildActionMask = 2147483647;
			files = (
				520CE61719AC7502009BFBD3 /* InfoPlist.strings in Resources */,
			);
			runOnlyForDeploymentPostprocessing = 0;
		};
/* End PBXResourcesBuildPhase section */

/* Begin PBXSourcesBuildPhase section */
		520CE5E619AC7501009BFBD3 /* Sources */ = {
			isa = PBXSourcesBuildPhase;
			buildActionMask = 2147483647;
			files = (
				520CE62419AC750E009BFBD3 /* HYZViewController.m in Sources */,
				52366AA819ADB0420090AB7F /* HYZCollectionViewController.m in Sources */,
				52F4153A19ADE15D00A55490 /* HYZTestViewController.m in Sources */,
				520CE62A19AC90D0009BFBD3 /* TWTSideMenuViewController.m in Sources */,
				520CE60019AC7501009BFBD3 /* HYZAppDelegate.m in Sources */,
				520CE62D19AC90DB009BFBD3 /* HYZTableViewCell.m in Sources */,
				520CE63319AC927E009BFBD3 /* HYZMainViewController.m in Sources */,
				520CE60319AC7501009BFBD3 /* MyMenu.xcdatamodeld in Sources */,
				520CE5FC19AC7501009BFBD3 /* main.m in Sources */,
				520CE63819AC93D5009BFBD3 /* HYZOtherViewController.m in Sources */,
			);
			runOnlyForDeploymentPostprocessing = 0;
		};
		520CE60619AC7501009BFBD3 /* Sources */ = {
			isa = PBXSourcesBuildPhase;
			buildActionMask = 2147483647;
			files = (
				520CE61919AC7502009BFBD3 /* MyMenuTests.m in Sources */,
			);
			runOnlyForDeploymentPostprocessing = 0;
		};
/* End PBXSourcesBuildPhase section */

/* Begin PBXTargetDependency section */
		520CE61119AC7502009BFBD3 /* PBXTargetDependency */ = {
			isa = PBXTargetDependency;
			target = 520CE5E919AC7501009BFBD3 /* MyMenu */;
			targetProxy = 520CE61019AC7502009BFBD3 /* PBXContainerItemProxy */;
		};
/* End PBXTargetDependency section */

/* Begin PBXVariantGroup section */
		520CE5F819AC7501009BFBD3 /* InfoPlist.strings */ = {
			isa = PBXVariantGroup;
			children = (
				520CE5F919AC7501009BFBD3 /* en */,
			);
			name = InfoPlist.strings;
			sourceTree = "<group>";
		};
		520CE61519AC7502009BFBD3 /* InfoPlist.strings */ = {
			isa = PBXVariantGroup;
			children = (
				520CE61619AC7502009BFBD3 /* en */,
			);
			name = InfoPlist.strings;
			sourceTree = "<group>";
		};
/* End PBXVariantGroup section */

/* Begin XCBuildConfiguration section */
		520CE61A19AC7502009BFBD3 /* Debug */ = {
			isa = XCBuildConfiguration;
			buildSettings = {
				ALWAYS_SEARCH_USER_PATHS = NO;
				CLANG_CXX_LANGUAGE_STANDARD = "gnu++0x";
				CLANG_CXX_LIBRARY = "libc++";
				CLANG_ENABLE_MODULES = YES;
				CLANG_ENABLE_OBJC_ARC = YES;
				CLANG_WARN_BOOL_CONVERSION = YES;
				CLANG_WARN_CONSTANT_CONVERSION = YES;
				CLANG_WARN_DIRECT_OBJC_ISA_USAGE = YES_ERROR;
				CLANG_WARN_EMPTY_BODY = YES;
				CLANG_WARN_ENUM_CONVERSION = YES;
				CLANG_WARN_INT_CONVERSION = YES;
				CLANG_WARN_OBJC_ROOT_CLASS = YES_ERROR;
				CLANG_WARN__DUPLICATE_METHOD_MATCH = YES;
				"CODE_SIGN_IDENTITY[sdk=iphoneos*]" = "iPhone Developer";
				COPY_PHASE_STRIP = NO;
				GCC_C_LANGUAGE_STANDARD = gnu99;
				GCC_DYNAMIC_NO_PIC = NO;
				GCC_OPTIMIZATION_LEVEL = 0;
				GCC_PREPROCESSOR_DEFINITIONS = (
					"DEBUG=1",
					"$(inherited)",
				);
				GCC_SYMBOLS_PRIVATE_EXTERN = NO;
				GCC_WARN_64_TO_32_BIT_CONVERSION = YES;
				GCC_WARN_ABOUT_RETURN_TYPE = YES_ERROR;
				GCC_WARN_UNDECLARED_SELECTOR = YES;
				GCC_WARN_UNINITIALIZED_AUTOS = YES_AGGRESSIVE;
				GCC_WARN_UNUSED_FUNCTION = YES;
				GCC_WARN_UNUSED_VARIABLE = YES;
				IPHONEOS_DEPLOYMENT_TARGET = 7.1;
				ONLY_ACTIVE_ARCH = YES;
				SDKROOT = iphoneos;
			};
			name = Debug;
		};
		520CE61B19AC7502009BFBD3 /* Release */ = {
			isa = XCBuildConfiguration;
			buildSettings = {
				ALWAYS_SEARCH_USER_PATHS = NO;
				CLANG_CXX_LANGUAGE_STANDARD = "gnu++0x";
				CLANG_CXX_LIBRARY = "libc++";
				CLANG_ENABLE_MODULES = YES;
				CLANG_ENABLE_OBJC_ARC = YES;
				CLANG_WARN_BOOL_CONVERSION = YES;
				CLANG_WARN_CONSTANT_CONVERSION = YES;
				CLANG_WARN_DIRECT_OBJC_ISA_USAGE = YES_ERROR;
				CLANG_WARN_EMPTY_BODY = YES;
				CLANG_WARN_ENUM_CONVERSION = YES;
				CLANG_WARN_INT_CONVERSION = YES;
				CLANG_WARN_OBJC_ROOT_CLASS = YES_ERROR;
				CLANG_WARN__DUPLICATE_METHOD_MATCH = YES;
				"CODE_SIGN_IDENTITY[sdk=iphoneos*]" = "iPhone Developer";
				COPY_PHASE_STRIP = YES;
				ENABLE_NS_ASSERTIONS = NO;
				GCC_C_LANGUAGE_STANDARD = gnu99;
				GCC_WARN_64_TO_32_BIT_CONVERSION = YES;
				GCC_WARN_ABOUT_RETURN_TYPE = YES_ERROR;
				GCC_WARN_UNDECLARED_SELECTOR = YES;
				GCC_WARN_UNINITIALIZED_AUTOS = YES_AGGRESSIVE;
				GCC_WARN_UNUSED_FUNCTION = YES;
				GCC_WARN_UNUSED_VARIABLE = YES;
				IPHONEOS_DEPLOYMENT_TARGET = 7.1;
				SDKROOT = iphoneos;
				VALIDATE_PRODUCT = YES;
			};
			name = Release;
		};
		520CE61D19AC7502009BFBD3 /* Debug */ = {
			isa = XCBuildConfiguration;
			buildSettings = {
				ASSETCATALOG_COMPILER_APPICON_NAME = AppIcon;
				ASSETCATALOG_COMPILER_LAUNCHIMAGE_NAME = LaunchImage;
				GCC_PRECOMPILE_PREFIX_HEADER = YES;
				GCC_PREFIX_HEADER = "MyMenu/MyMenu-Prefix.pch";
				INFOPLIST_FILE = "MyMenu/MyMenu-Info.plist";
				PRODUCT_NAME = "$(TARGET_NAME)";
				WRAPPER_EXTENSION = app;
			};
			name = Debug;
		};
		520CE61E19AC7502009BFBD3 /* Release */ = {
			isa = XCBuildConfiguration;
			buildSettings = {
				ASSETCATALOG_COMPILER_APPICON_NAME = AppIcon;
				ASSETCATALOG_COMPILER_LAUNCHIMAGE_NAME = LaunchImage;
				GCC_PRECOMPILE_PREFIX_HEADER = YES;
				GCC_PREFIX_HEADER = "MyMenu/MyMenu-Prefix.pch";
				INFOPLIST_FILE = "MyMenu/MyMenu-Info.plist";
				PRODUCT_NAME = "$(TARGET_NAME)";
				WRAPPER_EXTENSION = app;
			};
			name = Release;
		};
		520CE62019AC7502009BFBD3 /* Debug */ = {
			isa = XCBuildConfiguration;
			buildSettings = {
				BUNDLE_LOADER = "$(BUILT_PRODUCTS_DIR)/MyMenu.app/MyMenu";
				FRAMEWORK_SEARCH_PATHS = (
					"$(SDKROOT)/Developer/Library/Frameworks",
					"$(inherited)",
					"$(DEVELOPER_FRAMEWORKS_DIR)",
				);
				GCC_PRECOMPILE_PREFIX_HEADER = YES;
				GCC_PREFIX_HEADER = "MyMenu/MyMenu-Prefix.pch";
				GCC_PREPROCESSOR_DEFINITIONS = (
					"DEBUG=1",
					"$(inherited)",
				);
				INFOPLIST_FILE = "MyMenuTests/MyMenuTests-Info.plist";
				PRODUCT_NAME = "$(TARGET_NAME)";
				TEST_HOST = "$(BUNDLE_LOADER)";
				WRAPPER_EXTENSION = xctest;
			};
			name = Debug;
		};
		520CE62119AC7502009BFBD3 /* Release */ = {
			isa = XCBuildConfiguration;
			buildSettings = {
				BUNDLE_LOADER = "$(BUILT_PRODUCTS_DIR)/MyMenu.app/MyMenu";
				FRAMEWORK_SEARCH_PATHS = (
					"$(SDKROOT)/Developer/Library/Frameworks",
					"$(inherited)",
					"$(DEVELOPER_FRAMEWORKS_DIR)",
				);
				GCC_PRECOMPILE_PREFIX_HEADER = YES;
				GCC_PREFIX_HEADER = "MyMenu/MyMenu-Prefix.pch";
				INFOPLIST_FILE = "MyMenuTests/MyMenuTests-Info.plist";
				PRODUCT_NAME = "$(TARGET_NAME)";
				TEST_HOST = "$(BUNDLE_LOADER)";
				WRAPPER_EXTENSION = xctest;
			};
			name = Release;
		};
/* End XCBuildConfiguration section */

/* Begin XCConfigurationList section */
		520CE5E519AC7501009BFBD3 /* Build configuration list for PBXProject "MyMenu" */ = {
			isa = XCConfigurationList;
			buildConfigurations = (
				520CE61A19AC7502009BFBD3 /* Debug */,
				520CE61B19AC7502009BFBD3 /* Release */,
			);
			defaultConfigurationIsVisible = 0;
			defaultConfigurationName = Release;
		};
		520CE61C19AC7502009BFBD3 /* Build configuration list for PBXNativeTarget "MyMenu" */ = {
			isa = XCConfigurationList;
			buildConfigurations = (
				520CE61D19AC7502009BFBD3 /* Debug */,
				520CE61E19AC7502009BFBD3 /* Release */,
			);
			defaultConfigurationIsVisible = 0;
			defaultConfigurationName = Release;
		};
		520CE61F19AC7502009BFBD3 /* Build configuration list for PBXNativeTarget "MyMenuTests" */ = {
			isa = XCConfigurationList;
			buildConfigurations = (
				520CE62019AC7502009BFBD3 /* Debug */,
				520CE62119AC7502009BFBD3 /* Release */,
			);
			defaultConfigurationIsVisible = 0;
			defaultConfigurationName = Release;
		};
/* End XCConfigurationList section */

/* Begin XCVersionGroup section */
		520CE60119AC7501009BFBD3 /* MyMenu.xcdatamodeld */ = {
			isa = XCVersionGroup;
			children = (
				520CE60219AC7501009BFBD3 /* MyMenu.xcdatamodel */,
			);
			currentVersion = 520CE60219AC7501009BFBD3 /* MyMenu.xcdatamodel */;
			path = MyMenu.xcdatamodeld;
			sourceTree = "<group>";
			versionGroupType = wrapper.xcdatamodel;
		};
/* End XCVersionGroup section */
	};
	rootObject = 520CE5E219AC7501009BFBD3 /* Project object */;
}
